// !$*UTF8*$!
{
	archiveVersion = 1;
	classes = {
	};
	objectVersion = 55;
	objects = {

/* Begin PBXBuildFile section */
		3AAD20C7282A4FF100475E2F /* ShellScriptsApp.swift in Sources */ = {isa = PBXBuildFile; fileRef = 3AAD20C6282A4FF100475E2F /* ShellScriptsApp.swift */; };
		3AAD20C9282A4FF100475E2F /* ContentView.swift in Sources */ = {isa = PBXBuildFile; fileRef = 3AAD20C8282A4FF100475E2F /* ContentView.swift */; };
		3AAD20CB282A4FF100475E2F /* Assets.xcassets in Resources */ = {isa = PBXBuildFile; fileRef = 3AAD20CA282A4FF100475E2F /* Assets.xcassets */; };
		3AAD20CE282A4FF100475E2F /* Preview Assets.xcassets in Resources */ = {isa = PBXBuildFile; fileRef = 3AAD20CD282A4FF100475E2F /* Preview Assets.xcassets */; };
		3AAD20D7282A50BB00475E2F /* hello_world.sh in Resources */ = {isa = PBXBuildFile; fileRef = 3AAD20D5282A50BB00475E2F /* hello_world.sh */; };
		3AAD20D8282A50BB00475E2F /* test.sh in Resources */ = {isa = PBXBuildFile; fileRef = 3AAD20D6282A50BB00475E2F /* test.sh */; };
/* End PBXBuildFile section */

/* Begin PBXFileReference section */
		3AAD20C3282A4FF100475E2F /* ShellScripts.app */ = {isa = PBXFileReference; explicitFileType = wrapper.application; includeInIndex = 0; path = ShellScripts.app; sourceTree = BUILT_PRODUCTS_DIR; };
		3AAD20C6282A4FF100475E2F /* ShellScriptsApp.swift */ = {isa = PBXFileReference; lastKnownFileType = sourcecode.swift; path = ShellScriptsApp.swift; sourceTree = "<group>"; };
		3AAD20C8282A4FF100475E2F /* ContentView.swift */ = {isa = PBXFileReference; lastKnownFileType = sourcecode.swift; path = ContentView.swift; sourceTree = "<group>"; };
		3AAD20CA282A4FF100475E2F /* Assets.xcassets */ = {isa = PBXFileReference; lastKnownFileType = folder.assetcatalog; path = Assets.xcassets; sourceTree = "<group>"; };
		3AAD20CD282A4FF100475E2F /* Preview Assets.xcassets */ = {isa = PBXFileReference; lastKnownFileType = folder.assetcatalog; path = "Preview Assets.xcassets"; sourceTree = "<group>"; };
		3AAD20D5282A50BB00475E2F /* hello_world.sh */ = {isa = PBXFileReference; fileEncoding = 4; lastKnownFileType = text.script.sh; path = hello_world.sh; sourceTree = "<group>"; };
		3AAD20D6282A50BB00475E2F /* test.sh */ = {isa = PBXFileReference; fileEncoding = 4; lastKnownFileType = text.script.sh; path = test.sh; sourceTree = "<group>"; };
		3AAD20D9282A849B00475E2F /* appleScript.sh */ = {isa = PBXFileReference; lastKnownFileType = text.script.sh; path = appleScript.sh; sourceTree = "<group>"; };
		3AAD20DA282A943700475E2F /* printmyvar.sh */ = {isa = PBXFileReference; lastKnownFileType = text.script.sh; path = printmyvar.sh; sourceTree = "<group>"; };
/* End PBXFileReference section */

/* Begin PBXFrameworksBuildPhase section */
		3AAD20C0282A4FF100475E2F /* Frameworks */ = {
			isa = PBXFrameworksBuildPhase;
			buildActionMask = 2147483647;
			files = (
			);
			runOnlyForDeploymentPostprocessing = 0;
		};
/* End PBXFrameworksBuildPhase section */

/* Begin PBXGroup section */
		3AAD20BA282A4FF100475E2F = {
			isa = PBXGroup;
			children = (
				3AAD20C5282A4FF100475E2F /* ShellScripts */,
				3AAD20C4282A4FF100475E2F /* Products */,
			);
			sourceTree = "<group>";
		};
		3AAD20C4282A4FF100475E2F /* Products */ = {
			isa = PBXGroup;
			children = (
				3AAD20C3282A4FF100475E2F /* ShellScripts.app */,
			);
			name = Products;
			sourceTree = "<group>";
		};
		3AAD20C5282A4FF100475E2F /* ShellScripts */ = {
			isa = PBXGroup;
			children = (
				3AAD20D4282A504A00475E2F /* Scripts */,
				3AAD20C6282A4FF100475E2F /* ShellScriptsApp.swift */,
				3AAD20C8282A4FF100475E2F /* ContentView.swift */,
				3AAD20CA282A4FF100475E2F /* Assets.xcassets */,
				3AAD20CC282A4FF100475E2F /* Preview Content */,
			);
			path = ShellScripts;
			sourceTree = "<group>";
		};
		3AAD20CC282A4FF100475E2F /* Preview Content */ = {
			isa = PBXGroup;
			children = (
				3AAD20CD282A4FF100475E2F /* Preview Assets.xcassets */,
			);
			path = "Preview Content";
			sourceTree = "<group>";
		};
		3AAD20D4282A504A00475E2F /* Scripts */ = {
			isa = PBXGroup;
			children = (
				3AAD20D5282A50BB00475E2F /* hello_world.sh */,
				3AAD20D6282A50BB00475E2F /* test.sh */,
				3AAD20DA282A943700475E2F /* printmyvar.sh */,
				3AAD20D9282A849B00475E2F /* appleScript.sh */,
			);
			path = Scripts;
			sourceTree = "<group>";
		};
/* End PBXGroup section */

/* Begin PBXNativeTarget section */
		3AAD20C2282A4FF100475E2F /* ShellScripts */ = {
			isa = PBXNativeTarget;
			buildConfigurationList = 3AAD20D1282A4FF100475E2F /* Build configuration list for PBXNativeTarget "ShellScripts" */;
			buildPhases = (
				3AAD20BF282A4FF100475E2F /* Sources */,
				3AAD20C0282A4FF100475E2F /* Frameworks */,
				3AAD20C1282A4FF100475E2F /* Resources */,
			);
			buildRules = (
			);
			dependencies = (
			);
			name = ShellScripts;
			productName = ShellScripts;
			productReference = 3AAD20C3282A4FF100475E2F /* ShellScripts.app */;
			productType = "com.apple.product-type.application";
		};
/* End PBXNativeTarget section */

/* Begin PBXProject section */
		3AAD20BB282A4FF100475E2F /* Project object */ = {
			isa = PBXProject;
			attributes = {
				BuildIndependentTargetsInParallel = 1;
				LastSwiftUpdateCheck = 1330;
				LastUpgradeCheck = 1330;
				TargetAttributes = {
					3AAD20C2282A4FF100475E2F = {
						CreatedOnToolsVersion = 13.3.1;
					};
				};
			};
			buildConfigurationList = 3AAD20BE282A4FF100475E2F /* Build configuration list for PBXProject "ShellScripts" */;
			compatibilityVersion = "Xcode 13.0";
			developmentRegion = en;
			hasScannedForEncodings = 0;
			knownRegions = (
				en,
				Base,
			);
			mainGroup = 3AAD20BA282A4FF100475E2F;
			productRefGroup = 3AAD20C4282A4FF100475E2F /* Products */;
			projectDirPath = "";
			projectRoot = "";
			targets = (
				3AAD20C2282A4FF100475E2F /* ShellScripts */,
			);
		};
/* End PBXProject section */

/* Begin PBXResourcesBuildPhase section */
		3AAD20C1282A4FF100475E2F /* Resources */ = {
			isa = PBXResourcesBuildPhase;
			buildActionMask = 2147483647;
			files = (
				3AAD20D8282A50BB00475E2F /* test.sh in Resources */,
				3AAD20D7282A50BB00475E2F /* hello_world.sh in Resources */,
				3AAD20CE282A4FF100475E2F /* Preview Assets.xcassets in Resources */,
				3AAD20CB282A4FF100475E2F /* Assets.xcassets in Resources */,
			);
			runOnlyForDeploymentPostprocessing = 0;
		};
/* End PBXResourcesBuildPhase section */

/* Begin PBXSourcesBuildPhase section */
		3AAD20BF282A4FF100475E2F /* Sources */ = {
			isa = PBXSourcesBuildPhase;
			buildActionMask = 2147483647;
			files = (
				3AAD20C9282A4FF100475E2F /* ContentView.swift in Sources */,
				3AAD20C7282A4FF100475E2F /* ShellScriptsApp.swift in Sources */,
			);
			runOnlyForDeploymentPostprocessing = 0;
		};
/* End PBXSourcesBuildPhase section */

/* Begin XCBuildConfiguration section */
		3AAD20CF282A4FF100475E2F /* Debug */ = {
			isa = XCBuildConfiguration;
			buildSettings = {
				ALWAYS_SEARCH_USER_PATHS = NO;
				CLANG_ANALYZER_NONNULL = YES;
				CLANG_ANALYZER_NUMBER_OBJECT_CONVERSION = YES_AGGRESSIVE;
				CLANG_CXX_LANGUAGE_STANDARD = "gnu++17";
				CLANG_ENABLE_MODULES = YES;
				CLANG_ENABLE_OBJC_ARC = YES;
				CLANG_ENABLE_OBJC_WEAK = YES;
				CLANG_WARN_BLOCK_CAPTURE_AUTORELEASING = YES;
				CLANG_WARN_BOOL_CONVERSION = YES;
				CLANG_WARN_COMMA = YES;
				CLANG_WARN_CONSTANT_CONVERSION = YES;
				CLANG_WARN_DEPRECATED_OBJC_IMPLEMENTATIONS = YES;
				CLANG_WARN_DIRECT_OBJC_ISA_USAGE = YES_ERROR;
				CLANG_WARN_DOCUMENTATION_COMMENTS = YES;
				CLANG_WARN_EMPTY_BODY = YES;
				CLANG_WARN_ENUM_CONVERSION = YES;
				CLANG_WARN_INFINITE_RECURSION = YES;
				CLANG_WARN_INT_CONVERSION = YES;
				CLANG_WARN_NON_LITERAL_NULL_CONVERSION = YES;
				CLANG_WARN_OBJC_IMPLICIT_RETAIN_SELF = YES;
				CLANG_WARN_OBJC_LITERAL_CONVERSION = YES;
				CLANG_WARN_OBJC_ROOT_CLASS = YES_ERROR;
				CLANG_WARN_QUOTED_INCLUDE_IN_FRAMEWORK_HEADER = YES;
				CLANG_WARN_RANGE_LOOP_ANALYSIS = YES;
				CLANG_WARN_STRICT_PROTOTYPES = YES;
				CLANG_WARN_SUSPICIOUS_MOVE = YES;
				CLANG_WARN_UNGUARDED_AVAILABILITY = YES_AGGRESSIVE;
				CLANG_WARN_UNREACHABLE_CODE = YES;
				CLANG_WARN__DUPLICATE_METHOD_MATCH = YES;
				COPY_PHASE_STRIP = NO;
				DEBUG_INFORMATION_FORMAT = dwarf;
				ENABLE_STRICT_OBJC_MSGSEND = YES;
				ENABLE_TESTABILITY = YES;
				GCC_C_LANGUAGE_STANDARD = gnu11;
				GCC_DYNAMIC_NO_PIC = NO;
				GCC_NO_COMMON_BLOCKS = YES;
				GCC_OPTIMIZATION_LEVEL = 0;
				GCC_PREPROCESSOR_DEFINITIONS = (
					"DEBUG=1",
					"$(inherited)",
				);
				GCC_WARN_64_TO_32_BIT_CONVERSION = YES;
				GCC_WARN_ABOUT_RETURN_TYPE = YES_ERROR;
				GCC_WARN_UNDECLARED_SELECTOR = YES;
				GCC_WARN_UNINITIALIZED_AUTOS = YES_AGGRESSIVE;
				GCC_WARN_UNUSED_FUNCTION = YES;
				GCC_WARN_UNUSED_VARIABLE = YES;
				IPHONEOS_DEPLOYMENT_TARGET = 15.4;
				MTL_ENABLE_DEBUG_INFO = INCLUDE_SOURCE;
				MTL_FAST_MATH = YES;
				ONLY_ACTIVE_ARCH = YES;
				SDKROOT = iphoneos;
				SWIFT_ACTIVE_COMPILATION_CONDITIONS = DEBUG;
				SWIFT_OPTIMIZATION_LEVEL = "-Onone";
			};
			name = Debug;
		};
		3AAD20D0282A4FF100475E2F /* Release */ = {
			isa = XCBuildConfiguration;
			buildSettings = {
				ALWAYS_SEARCH_USER_PATHS = NO;
				CLANG_ANALYZER_NONNULL = YES;
				CLANG_ANALYZER_NUMBER_OBJECT_CONVERSION = YES_AGGRESSIVE;
				CLANG_CXX_LANGUAGE_STANDARD = "gnu++17";
				CLANG_ENABLE_MODULES = YES;
				CLANG_ENABLE_OBJC_ARC = YES;
				CLANG_ENABLE_OBJC_WEAK = YES;
				CLANG_WARN_BLOCK_CAPTURE_AUTORELEASING = YES;
				CLANG_WARN_BOOL_CONVERSION = YES;
				CLANG_WARN_COMMA = YES;
				CLANG_WARN_CONSTANT_CONVERSION = YES;
				CLANG_WARN_DEPRECATED_OBJC_IMPLEMENTATIONS = YES;
				CLANG_WARN_DIRECT_OBJC_ISA_USAGE = YES_ERROR;
				CLANG_WARN_DOCUMENTATION_COMMENTS = YES;
				CLANG_WARN_EMPTY_BODY = YES;
				CLANG_WARN_ENUM_CONVERSION = YES;
				CLANG_WARN_INFINITE_RECURSION = YES;
				CLANG_WARN_INT_CONVERSION = YES;
				CLANG_WARN_NON_LITERAL_NULL_CONVERSION = YES;
				CLANG_WARN_OBJC_IMPLICIT_RETAIN_SELF = YES;
				CLANG_WARN_OBJC_LITERAL_CONVERSION = YES;
				CLANG_WARN_OBJC_ROOT_CLASS = YES_ERROR;
				CLANG_WARN_QUOTED_INCLUDE_IN_FRAMEWORK_HEADER = YES;
				CLANG_WARN_RANGE_LOOP_ANALYSIS = YES;
				CLANG_WARN_STRICT_PROTOTYPES = YES;
				CLANG_WARN_SUSPICIOUS_MOVE = YES;
				CLANG_WARN_UNGUARDED_AVAILABILITY = YES_AGGRESSIVE;
				CLANG_WARN_UNREACHABLE_CODE = YES;
				CLANG_WARN__DUPLICATE_METHOD_MATCH = YES;
				COPY_PHASE_STRIP = NO;
				DEBUG_INFORMATION_FORMAT = "dwarf-with-dsym";
				ENABLE_NS_ASSERTIONS = NO;
				ENABLE_STRICT_OBJC_MSGSEND = YES;
				GCC_C_LANGUAGE_STANDARD = gnu11;
				GCC_NO_COMMON_BLOCKS = YES;
				GCC_WARN_64_TO_32_BIT_CONVERSION = YES;
				GCC_WARN_ABOUT_RETURN_TYPE = YES_ERROR;
				GCC_WARN_UNDECLARED_SELECTOR = YES;
				GCC_WARN_UNINITIALIZED_AUTOS = YES_AGGRESSIVE;
				GCC_WARN_UNUSED_FUNCTION = YES;
				GCC_WARN_UNUSED_VARIABLE = YES;
				IPHONEOS_DEPLOYMENT_TARGET = 15.4;
				MTL_ENABLE_DEBUG_INFO = NO;
				MTL_FAST_MATH = YES;
				SDKROOT = iphoneos;
				SWIFT_COMPILATION_MODE = wholemodule;
				SWIFT_OPTIMIZATION_LEVEL = "-O";
				VALIDATE_PRODUCT = YES;
			};
			name = Release;
		};
		3AAD20D2282A4FF100475E2F /* Debug */ = {
			isa = XCBuildConfiguration;
			buildSettings = {
				ASSETCATALOG_COMPILER_APPICON_NAME = AppIcon;
				ASSETCATALOG_COMPILER_GLOBAL_ACCENT_COLOR_NAME = AccentColor;
				CODE_SIGN_STYLE = Automatic;
				CURRENT_PROJECT_VERSION = 1;
				DEVELOPMENT_ASSET_PATHS = "\"ShellScripts/Preview Content\"";
				DEVELOPMENT_TEAM = 8GR4L8J4R6;
				ENABLE_PREVIEWS = YES;
				GENERATE_INFOPLIST_FILE = YES;
				INFOPLIST_KEY_UIApplicationSceneManifest_Generation = YES;
				INFOPLIST_KEY_UIApplicationSupportsIndirectInputEvents = YES;
				INFOPLIST_KEY_UILaunchScreen_Generation = YES;
				INFOPLIST_KEY_UISupportedInterfaceOrientations_iPad = "UIInterfaceOrientationPortrait UIInterfaceOrientationPortraitUpsideDown UIInterfaceOrientationLandscapeLeft UIInterfaceOrientationLandscapeRight";
				INFOPLIST_KEY_UISupportedInterfaceOrientations_iPhone = "UIInterfaceOrientationPortrait UIInterfaceOrientationLandscapeLeft UIInterfaceOrientationLandscapeRight";
				LD_RUNPATH_SEARCH_PATHS = (
					"$(inherited)",
					"@executable_path/Frameworks",
				);
				MARKETING_VERSION = 1.0;
				PRODUCT_BUNDLE_IDENTIFIER = com.alexfilippov.ShellScripts;
				PRODUCT_NAME = "$(TARGET_NAME)";
				SWIFT_EMIT_LOC_STRINGS = YES;
				SWIFT_VERSION = 5.0;
				TARGETED_DEVICE_FAMILY = "1,2";
			};
			name = Debug;
		};
		3AAD20D3282A4FF100475E2F /* Release */ = {
			isa = XCBuildConfiguration;
			buildSettings = {
				ASSETCATALOG_COMPILER_APPICON_NAME = AppIcon;
				ASSETCATALOG_COMPILER_GLOBAL_ACCENT_COLOR_NAME = AccentColor;
				CODE_SIGN_STYLE = Automatic;
				CURRENT_PROJECT_VERSION = 1;
				DEVELOPMENT_ASSET_PATHS = "\"ShellScripts/Preview Content\"";
				DEVELOPMENT_TEAM = 8GR4L8J4R6;
				ENABLE_PREVIEWS = YES;
				GENERATE_INFOPLIST_FILE = YES;
				INFOPLIST_KEY_UIApplicationSceneManifest_Generation = YES;
				INFOPLIST_KEY_UIApplicationSupportsIndirectInputEvents = YES;
				INFOPLIST_KEY_UILaunchScreen_Generation = YES;
				INFOPLIST_KEY_UISupportedInterfaceOrientations_iPad = "UIInterfaceOrientationPortrait UIInterfaceOrientationPortraitUpsideDown UIInterfaceOrientationLandscapeLeft UIInterfaceOrientationLandscapeRight";
				INFOPLIST_KEY_UISupportedInterfaceOrientations_iPhone = "UIInterfaceOrientationPortrait UIInterfaceOrientationLandscapeLeft UIInterfaceOrientationLandscapeRight";
				LD_RUNPATH_SEARCH_PATHS = (
					"$(inherited)",
					"@executable_path/Frameworks",
				);
				MARKETING_VERSION = 1.0;
				PRODUCT_BUNDLE_IDENTIFIER = com.alexfilippov.ShellScripts;
				PRODUCT_NAME = "$(TARGET_NAME)";
				SWIFT_EMIT_LOC_STRINGS = YES;
				SWIFT_VERSION = 5.0;
				TARGETED_DEVICE_FAMILY = "1,2";
			};
			name = Release;
		};
/* End XCBuildConfiguration section */

/* Begin XCConfigurationList section */
		3AAD20BE282A4FF100475E2F /* Build configuration list for PBXProject "ShellScripts" */ = {
			isa = XCConfigurationList;
			buildConfigurations = (
				3AAD20CF282A4FF100475E2F /* Debug */,
				3AAD20D0282A4FF100475E2F /* Release */,
			);
			defaultConfigurationIsVisible = 0;
			defaultConfigurationName = Release;
		};
		3AAD20D1282A4FF100475E2F /* Build configuration list for PBXNativeTarget "ShellScripts" */ = {
			isa = XCConfigurationList;
			buildConfigurations = (
				3AAD20D2282A4FF100475E2F /* Debug */,
				3AAD20D3282A4FF100475E2F /* Release */,
			);
			defaultConfigurationIsVisible = 0;
			defaultConfigurationName = Release;
		};
/* End XCConfigurationList section */
	};
	rootObject = 3AAD20BB282A4FF100475E2F /* Project object */;
}
